
Microsoft Visual Studio Solution File, Format Version 12.00
# Visual Studio Version 17
VisualStudioVersion = 17.12.35527.113
MinimumVisualStudioVersion = 10.0.40219.1
Project("{FAE04EC0-301F-11D3-BF4B-00C04F79EFBC}") = "ProductMicroService.API", "ProductMicroService.API\ProductMicroService.API.csproj", "{FE2DD4D7-3EDB-4562-A3FE-1A4A96B0BD98}"
EndProject
Project("{FAE04EC0-301F-11D3-BF4B-00C04F79EFBC}") = "DataAccessLayer", "DataAccessLayer\DataAccessLayer.csproj", "{C652A044-C663-4940-8776-0F25456422D3}"
EndProject
Project("{FAE04EC0-301F-11D3-BF4B-00C04F79EFBC}") = "BusinessLogicLayer", "BusinessLogicLayer\BusinessLogicLayer.csproj", "{289A7E66-F383-4323-8D3E-E63DD8F0F39B}"
EndProject
Global
	GlobalSection(SolutionConfigurationPlatforms) = preSolution
		Debug|Any CPU = Debug|Any CPU
		Release|Any CPU = Release|Any CPU
	EndGlobalSection
	GlobalSection(ProjectConfigurationPlatforms) = postSolution
		{FE2DD4D7-3EDB-4562-A3FE-1A4A96B0BD98}.Debug|Any CPU.ActiveCfg = Debug|Any CPU
		{FE2DD4D7-3EDB-4562-A3FE-1A4A96B0BD98}.Debug|Any CPU.Build.0 = Debug|Any CPU
		{FE2DD4D7-3EDB-4562-A3FE-1A4A96B0BD98}.Release|Any CPU.ActiveCfg = Release|Any CPU
		{FE2DD4D7-3EDB-4562-A3FE-1A4A96B0BD98}.Release|Any CPU.Build.0 = Release|Any CPU
		{C652A044-C663-4940-8776-0F25456422D3}.Debug|Any CPU.ActiveCfg = Debug|Any CPU
		{C652A044-C663-4940-8776-0F25456422D3}.Debug|Any CPU.Build.0 = Debug|Any CPU
		{C652A044-C663-4940-8776-0F25456422D3}.Release|Any CPU.ActiveCfg = Release|Any CPU
		{C652A044-C663-4940-8776-0F25456422D3}.Release|Any CPU.Build.0 = Release|Any CPU
		{289A7E66-F383-4323-8D3E-E63DD8F0F39B}.Debug|Any CPU.ActiveCfg = Debug|Any CPU
		{289A7E66-F383-4323-8D3E-E63DD8F0F39B}.Debug|Any CPU.Build.0 = Debug|Any CPU
		{289A7E66-F383-4323-8D3E-E63DD8F0F39B}.Release|Any CPU.ActiveCfg = Release|Any CPU
		{289A7E66-F383-4323-8D3E-E63DD8F0F39B}.Release|Any CPU.Build.0 = Release|Any CPU
	EndGlobalSection
	GlobalSection(SolutionProperties) = preSolution
		HideSolutionNode = FALSE
	EndGlobalSection
EndGlobal
